
Microsoft Visual Studio Solution File, Format Version 12.00
# Visual Studio Version 17
VisualStudioVersion = 17.14.36717.8
MinimumVisualStudioVersion = 10.0.40219.1
Project("{FAE04EC0-301F-11D3-BF4B-00C04F79EFBC}") = "My_Microservices", "My_Microservices\My_Microservices.csproj", "{7D8477BF-EF28-445E-B74F-57539261A33A}"
EndProject
Project("{FAE04EC0-301F-11D3-BF4B-00C04F79EFBC}") = "InventoryService", "InventoryService\InventoryService.csproj", "{B969B73F-4A17-40F7-A254-95FDF1C38DED}"
EndProject
Project("{FAE04EC0-301F-11D3-BF4B-00C04F79EFBC}") = "My_Microservices.Tests", "My_Microservices.Tests\My_Microservices.Tests.csproj", "{AD3A5C61-4BF8-4497-BEE4-3379566D5E96}"
EndProject
Project("{FAE04EC0-301F-11D3-BF4B-00C04F79EFBC}") = "EmployeeService", "EmployeeService\EmployeeService.csproj", "{5A217326-332F-4C96-AE4D-4E9C54E423CD}"
EndProject
Global
	GlobalSection(SolutionConfigurationPlatforms) = preSolution
		Debug|Any CPU = Debug|Any CPU
		Debug|x64 = Debug|x64
		Debug|x86 = Debug|x86
		Release|Any CPU = Release|Any CPU
		Release|x64 = Release|x64
		Release|x86 = Release|x86
	EndGlobalSection
	GlobalSection(ProjectConfigurationPlatforms) = postSolution
		{7D8477BF-EF28-445E-B74F-57539261A33A}.Debug|Any CPU.ActiveCfg = Debug|Any CPU
		{7D8477BF-EF28-445E-B74F-57539261A33A}.Debug|Any CPU.Build.0 = Debug|Any CPU
		{7D8477BF-EF28-445E-B74F-57539261A33A}.Debug|x64.ActiveCfg = Debug|Any CPU
		{7D8477BF-EF28-445E-B74F-57539261A33A}.Debug|x64.Build.0 = Debug|Any CPU
		{7D8477BF-EF28-445E-B74F-57539261A33A}.Debug|x86.ActiveCfg = Debug|Any CPU
		{7D8477BF-EF28-445E-B74F-57539261A33A}.Debug|x86.Build.0 = Debug|Any CPU
		{7D8477BF-EF28-445E-B74F-57539261A33A}.Release|Any CPU.ActiveCfg = Release|Any CPU
		{7D8477BF-EF28-445E-B74F-57539261A33A}.Release|Any CPU.Build.0 = Release|Any CPU
		{7D8477BF-EF28-445E-B74F-57539261A33A}.Release|x64.ActiveCfg = Release|Any CPU
		{7D8477BF-EF28-445E-B74F-57539261A33A}.Release|x64.Build.0 = Release|Any CPU
		{7D8477BF-EF28-445E-B74F-57539261A33A}.Release|x86.ActiveCfg = Release|Any CPU
		{7D8477BF-EF28-445E-B74F-57539261A33A}.Release|x86.Build.0 = Release|Any CPU
		{B969B73F-4A17-40F7-A254-95FDF1C38DED}.Debug|Any CPU.ActiveCfg = Debug|Any CPU
		{B969B73F-4A17-40F7-A254-95FDF1C38DED}.Debug|Any CPU.Build.0 = Debug|Any CPU
		{B969B73F-4A17-40F7-A254-95FDF1C38DED}.Debug|x64.ActiveCfg = Debug|Any CPU
		{B969B73F-4A17-40F7-A254-95FDF1C38DED}.Debug|x64.Build.0 = Debug|Any CPU
		{B969B73F-4A17-40F7-A254-95FDF1C38DED}.Debug|x86.ActiveCfg = Debug|Any CPU
		{B969B73F-4A17-40F7-A254-95FDF1C38DED}.Debug|x86.Build.0 = Debug|Any CPU
		{B969B73F-4A17-40F7-A254-95FDF1C38DED}.Release|Any CPU.ActiveCfg = Release|Any CPU
		{B969B73F-4A17-40F7-A254-95FDF1C38DED}.Release|Any CPU.Build.0 = Release|Any CPU
		{B969B73F-4A17-40F7-A254-95FDF1C38DED}.Release|x64.ActiveCfg = Release|Any CPU
		{B969B73F-4A17-40F7-A254-95FDF1C38DED}.Release|x64.Build.0 = Release|Any CPU
		{B969B73F-4A17-40F7-A254-95FDF1C38DED}.Release|x86.ActiveCfg = Release|Any CPU
		{B969B73F-4A17-40F7-A254-95FDF1C38DED}.Release|x86.Build.0 = Release|Any CPU
		{AD3A5C61-4BF8-4497-BEE4-3379566D5E96}.Debug|Any CPU.ActiveCfg = Debug|Any CPU
		{AD3A5C61-4BF8-4497-BEE4-3379566D5E96}.Debug|Any CPU.Build.0 = Debug|Any CPU
		{AD3A5C61-4BF8-4497-BEE4-3379566D5E96}.Debug|x64.ActiveCfg = Debug|Any CPU
		{AD3A5C61-4BF8-4497-BEE4-3379566D5E96}.Debug|x64.Build.0 = Debug|Any CPU
		{AD3A5C61-4BF8-4497-BEE4-3379566D5E96}.Debug|x86.ActiveCfg = Debug|Any CPU
		{AD3A5C61-4BF8-4497-BEE4-3379566D5E96}.Debug|x86.Build.0 = Debug|Any CPU
		{AD3A5C61-4BF8-4497-BEE4-3379566D5E96}.Release|Any CPU.ActiveCfg = Release|Any CPU
		{AD3A5C61-4BF8-4497-BEE4-3379566D5E96}.Release|Any CPU.Build.0 = Release|Any CPU
		{AD3A5C61-4BF8-4497-BEE4-3379566D5E96}.Release|x64.ActiveCfg = Release|Any CPU
		{AD3A5C61-4BF8-4497-BEE4-3379566D5E96}.Release|x64.Build.0 = Release|Any CPU
		{AD3A5C61-4BF8-4497-BEE4-3379566D5E96}.Release|x86.ActiveCfg = Release|Any CPU
		{AD3A5C61-4BF8-4497-BEE4-3379566D5E96}.Release|x86.Build.0 = Release|Any CPU
		{5A217326-332F-4C96-AE4D-4E9C54E423CD}.Debug|Any CPU.ActiveCfg = Debug|Any CPU
		{5A217326-332F-4C96-AE4D-4E9C54E423CD}.Debug|Any CPU.Build.0 = Debug|Any CPU
		{5A217326-332F-4C96-AE4D-4E9C54E423CD}.Debug|x64.ActiveCfg = Debug|Any CPU
		{5A217326-332F-4C96-AE4D-4E9C54E423CD}.Debug|x64.Build.0 = Debug|Any CPU
		{5A217326-332F-4C96-AE4D-4E9C54E423CD}.Debug|x86.ActiveCfg = Debug|Any CPU
		{5A217326-332F-4C96-AE4D-4E9C54E423CD}.Debug|x86.Build.0 = Debug|Any CPU
		{5A217326-332F-4C96-AE4D-4E9C54E423CD}.Release|Any CPU.ActiveCfg = Release|Any CPU
		{5A217326-332F-4C96-AE4D-4E9C54E423CD}.Release|Any CPU.Build.0 = Release|Any CPU
		{5A217326-332F-4C96-AE4D-4E9C54E423CD}.Release|x64.ActiveCfg = Release|Any CPU
		{5A217326-332F-4C96-AE4D-4E9C54E423CD}.Release|x64.Build.0 = Release|Any CPU
		{5A217326-332F-4C96-AE4D-4E9C54E423CD}.Release|x86.ActiveCfg = Release|Any CPU
		{5A217326-332F-4C96-AE4D-4E9C54E423CD}.Release|x86.Build.0 = Release|Any CPU
	EndGlobalSection
	GlobalSection(SolutionProperties) = preSolution
		HideSolutionNode = FALSE
	EndGlobalSection
	GlobalSection(ExtensibilityGlobals) = postSolution
		SolutionGuid = {FA5F87C5-396C-4E02-9A35-3CD8AB947439}
	EndGlobalSection
EndGlobal
